{
  "name": "miku-bundle",
  "version": "1.0.0",
  "lockfileVersion": 3,
  "requires": true,
  "packages": {
    "": {
      "name": "miku-bundle",
      "version": "1.0.0",
      "dependencies": {
        "@pixiv/three-vrm": "2.1.2",
        "three": "0.158.0"
      }
    },
    "node_modules/@pixiv/three-vrm": {
      "version": "2.1.2",
      "resolved": "https://registry.npmjs.org/@pixiv/three-vrm/-/three-vrm-2.1.2.tgz",
      "integrity": "sha512-aC1cvwkimRgsG9yzfk4UEldSY7/ZKpj+woGSYFsb8qcHwW0M2kAw+dN5civELerQZnoUERvQbtD6ETg0TCM4wg==",
      "license": "MIT",
      "dependencies": {
        "@pixiv/three-vrm-core": "2.1.2",
        "@pixiv/three-vrm-materials-hdr-emissive-multiplier": "2.1.2",
        "@pixiv/three-vrm-materials-mtoon": "2.1.2",
        "@pixiv/three-vrm-materials-v0compat": "2.1.2",
        "@pixiv/three-vrm-node-constraint": "2.1.2",
        "@pixiv/three-vrm-springbone": "2.1.2"
      },
      "peerDependencies": {
        "@types/three": "^0.164.0",
        "three": "^0.164.1"
      }
    },
    "node_modules/@pixiv/three-vrm-core": {
      "version": "2.1.2",
      "resolved": "https://registry.npmjs.org/@pixiv/three-vrm-core/-/three-vrm-core-2.1.2.tgz",
      "integrity": "sha512-dx42iKsWl8xC83yfqLOOkmK7Y8IF2/77pWtDguzB5UaqNdBebkLw/Fg9T5fcB9fcIjmzQjyf8BzxTpvCsAvi4Q==",
      "license": "MIT",
      "dependencies": {
        "@pixiv/types-vrm-0.0": "2.1.2",
        "@pixiv/types-vrmc-vrm-1.0": "2.1.2"
      },
      "peerDependencies": {
        "@types/three": "^0.164.0",
        "three": "^0.164.1"
      }
    },
    "node_modules/@pixiv/three-vrm-materials-hdr-emissive-multiplier": {
      "version": "2.1.2",
      "resolved": "https://registry.npmjs.org/@pixiv/three-vrm-materials-hdr-emissive-multiplier/-/three-vrm-materials-hdr-emissive-multiplier-2.1.2.tgz",
      "integrity": "sha512-RHOnKWEttuK264i18SDpduwniHxy1HARFYYK0yCA0TK7kPWPFuttkZW0vnSVdLLs3v1w6+6yJZx369fhLK4fWg==",
      "license": "MIT",
      "dependencies": {
        "@pixiv/types-vrmc-materials-hdr-emissive-multiplier-1.0": "2.1.2"
      },
      "peerDependencies": {
        "@types/three": "^0.164.0",
        "three": "^0.164.1"
      }
    },
    "node_modules/@pixiv/three-vrm-materials-mtoon": {
      "version": "2.1.2",
      "resolved": "https://registry.npmjs.org/@pixiv/three-vrm-materials-mtoon/-/three-vrm-materials-mtoon-2.1.2.tgz",
      "integrity": "sha512-po9EhibKGScQ2/YgiMOSepbhNJnIwNVJu4E7qzSRz2RL7F+HisaOFUHIWf3wgUHZhP1Lb3KFflSB4V+TTHiqDg==",
      "license": "MIT",
      "dependencies": {
        "@pixiv/types-vrm-0.0": "2.1.2",
        "@pixiv/types-vrmc-materials-mtoon-1.0": "2.1.2"
      },
      "peerDependencies": {
        "@types/three": "^0.164.0",
        "three": "^0.164.1"
      }
    },
    "node_modules/@pixiv/three-vrm-materials-v0compat": {
      "version": "2.1.2",
      "resolved": "https://registry.npmjs.org/@pixiv/three-vrm-materials-v0compat/-/three-vrm-materials-v0compat-2.1.2.tgz",
      "integrity": "sha512-ROUi3p+wZn9+jXIcWLQ1iNITpHQsZENjMLQ0x/m0wbn3Lk+sGpPH3kO+2lFxwmF4yj8Gn3oSuPiXHOckrw7Lqg==",
      "license": "MIT",
      "dependencies": {
        "@pixiv/types-vrm-0.0": "2.1.2",
        "@pixiv/types-vrmc-materials-mtoon-1.0": "2.1.2"
      },
      "peerDependencies": {
        "@types/three": "^0.164.0",
        "three": "^0.164.1"
      }
    },
    "node_modules/@pixiv/three-vrm-node-constraint": {
      "version": "2.1.2",
      "resolved": "https://registry.npmjs.org/@pixiv/three-vrm-node-constraint/-/three-vrm-node-constraint-2.1.2.tgz",
      "integrity": "sha512-U3AnsC6ceaCiZlzRVUwFiam6LQipjZmQphFrXQecyQWBkb0vJlLhuhaFsc7mGlhIJGQPSgnkq+jqRmy25mpQ1Q==",
      "license": "MIT",
      "dependencies": {
        "@pixiv/types-vrmc-node-constraint-1.0": "2.1.2"
      },
      "peerDependencies": {
        "@types/three": "^0.164.0",
        "three": "^0.164.1"
      }
    },
    "node_modules/@pixiv/three-vrm-springbone": {
      "version": "2.1.2",
      "resolved": "https://registry.npmjs.org/@pixiv/three-vrm-springbone/-/three-vrm-springbone-2.1.2.tgz",
      "integrity": "sha512-2/tj3qCJurJL6Xr20nu7u/Bxg8Z8Xg6cC9QRggzNGOLI1YEXLf8W79V3pbVqrUyq0h/EyacLK6TBdeAYvDqDIA==",
      "license": "MIT",
      "dependencies": {
        "@pixiv/types-vrm-0.0": "2.1.2",
        "@pixiv/types-vrmc-springbone-1.0": "2.1.2"
      },
      "peerDependencies": {
        "three": "^0.164.1"
      }
    },
    "node_modules/@pixiv/types-vrm-0.0": {
      "version": "2.1.2",
      "resolved": "https://registry.npmjs.org/@pixiv/types-vrm-0.0/-/types-vrm-0.0-2.1.2.tgz",
      "integrity": "sha512-QGdYqIF3hGPsB6nLTwq5fQ3QnxHVbCqZ6ivIkQNYF8uinqioW0bALVWnr6nROpLaNFDL1Nh9OLMBAenG3MMjqw==",
      "license": "MIT"
    },
    "node_modules/@pixiv/types-vrmc-materials-hdr-emissive-multiplier-1.0": {
      "version": "2.1.2",
      "resolved": "https://registry.npmjs.org/@pixiv/types-vrmc-materials-hdr-emissive-multiplier-1.0/-/types-vrmc-materials-hdr-emissive-multiplier-1.0-2.1.2.tgz",
      "integrity": "sha512-Ji8kmlGxWsFkXIKV+Sx59VvM5Cdo7vyXWINCfe4nVrltZXWYuwUxMVm1kiZJVGWyCH9s9QuzIhzdH3WnSOaHbQ==",
      "license": "MIT"
    },
    "node_modules/@pixiv/types-vrmc-materials-mtoon-1.0": {
      "version": "2.1.2",
      "resolved": "https://registry.npmjs.org/@pixiv/types-vrmc-materials-mtoon-1.0/-/types-vrmc-materials-mtoon-1.0-2.1.2.tgz",
      "integrity": "sha512-PIXPoRqREIA90/2r6NYhuRFvmtQJEimZ0ylzyAQroDYBWjML04WFf4Vbzz//GSK4SX+LFJPWwPXT3qmgqos/DQ==",
      "license": "MIT"
    },
    "node_modules/@pixiv/types-vrmc-node-constraint-1.0": {
      "version": "2.1.2",
      "resolved": "https://registry.npmjs.org/@pixiv/types-vrmc-node-constraint-1.0/-/types-vrmc-node-constraint-1.0-2.1.2.tgz",
      "integrity": "sha512-NJnWTrAXXylzp4aUp+n9thxfTVBmgpYhLlF7zV0FtLh9uWN2olJCPtAvXlxjwWxGvP8mLfULx9eX+Y+64GcciQ==",
      "license": "MIT"
    },
    "node_modules/@pixiv/types-vrmc-springbone-1.0": {
      "version": "2.1.2",
      "resolved": "https://registry.npmjs.org/@pixiv/types-vrmc-springbone-1.0/-/types-vrmc-springbone-1.0-2.1.2.tgz",
      "integrity": "sha512-DXhi/BsXmcoMGyPCretG3eFDuPg0FZFQIqj0ckIO/A/IbNOQ9OYXlL4cNWcE/OtDsKgH4C1Hi81edd797jRb5A==",
      "license": "MIT"
    },
    "node_modules/@pixiv/types-vrmc-vrm-1.0": {
      "version": "2.1.2",
      "resolved": "https://registry.npmjs.org/@pixiv/types-vrmc-vrm-1.0/-/types-vrmc-vrm-1.0-2.1.2.tgz",
      "integrity": "sha512-+tydIEds1biEYfW8eZ1Ox2iy6Mq09rhLA72dYlIbFFhfz0ma8vLl89gPVFxqeO1yf92VpE0kShuiC5JNMxcLQQ==",
      "license": "MIT"
    },
    "node_modules/three": {
      "version": "0.158.0",
      "resolved": "https://registry.npmjs.org/three/-/three-0.158.0.tgz",
      "integrity": "sha512-TALj4EOpdDPF1henk2Q+s17K61uEAAWQ7TJB68nr7FKxqwyDr3msOt5IWdbGm4TaWKjrtWS8DJJWe9JnvsWOhQ==",
      "license": "MIT"
    }
  }
}
